// !$*UTF8*$!
{
	archiveVersion = 1;
	classes = {
	};
	objectVersion = 48;
	objects = {

/* Begin PBXBuildFile section */
		9EC547AF1FF5061800D4FACE /* AppDelegate.swift in Sources */ = {isa = PBXBuildFile; fileRef = 9EC547AE1FF5061800D4FACE /* AppDelegate.swift */; };
		9EC547B11FF5061800D4FACE /* ViewController.swift in Sources */ = {isa = PBXBuildFile; fileRef = 9EC547B01FF5061800D4FACE /* ViewController.swift */; };
		9EC547B41FF5061800D4FACE /* Main.storyboard in Resources */ = {isa = PBXBuildFile; fileRef = 9EC547B21FF5061800D4FACE /* Main.storyboard */; };
		9EC547B61FF5061800D4FACE /* Assets.xcassets in Resources */ = {isa = PBXBuildFile; fileRef = 9EC547B51FF5061800D4FACE /* Assets.xcassets */; };
		9EC547B91FF5061800D4FACE /* LaunchScreen.storyboard in Resources */ = {isa = PBXBuildFile; fileRef = 9EC547B71FF5061800D4FACE /* LaunchScreen.storyboard */; };
/* End PBXBuildFile section */

/* Begin PBXFileReference section */
		9EC547AB1FF5061700D4FACE /* favFruits.app */ = {isa = PBXFileReference; explicitFileType = wrapper.application; includeInIndex = 0; path = favFruits.app; sourceTree = BUILT_PRODUCTS_DIR; };
		9EC547AE1FF5061800D4FACE /* AppDelegate.swift */ = {isa = PBXFileReference; lastKnownFileType = sourcecode.swift; path = AppDelegate.swift; sourceTree = "<group>"; };
		9EC547B01FF5061800D4FACE /* ViewController.swift */ = {isa = PBXFileReference; lastKnownFileType = sourcecode.swift; path = ViewController.swift; sourceTree = "<group>"; };
		9EC547B31FF5061800D4FACE /* Base */ = {isa = PBXFileReference; lastKnownFileType = file.storyboard; name = Base; path = Base.lproj/Main.storyboard; sourceTree = "<group>"; };
		9EC547B51FF5061800D4FACE /* Assets.xcassets */ = {isa = PBXFileReference; lastKnownFileType = folder.assetcatalog; path = Assets.xcassets; sourceTree = "<group>"; };
		9EC547B81FF5061800D4FACE /* Base */ = {isa = PBXFileReference; lastKnownFileType = file.storyboard; name = Base; path = Base.lproj/LaunchScreen.storyboard; sourceTree = "<group>"; };
		9EC547BA1FF5061800D4FACE /* Info.plist */ = {isa = PBXFileReference; lastKnownFileType = text.plist.xml; path = Info.plist; sourceTree = "<group>"; };
/* End PBXFileReference section */

/* Begin PBXFrameworksBuildPhase section */
		9EC547A81FF5061700D4FACE /* Frameworks */ = {
			isa = PBXFrameworksBuildPhase;
			buildActionMask = 2147483647;
			files = (
			);
			runOnlyForDeploymentPostprocessing = 0;
		};
/* End PBXFrameworksBuildPhase section */

/* Begin PBXGroup section */
		9EC547A21FF5061700D4FACE = {
			isa = PBXGroup;
			children = (
				9EC547AD1FF5061700D4FACE /* favFruits */,
				9EC547AC1FF5061700D4FACE /* Products */,
			);
			sourceTree = "<group>";
		};
		9EC547AC1FF5061700D4FACE /* Products */ = {
			isa = PBXGroup;
			children = (
				9EC547AB1FF5061700D4FACE /* favFruits.app */,
			);
			name = Products;
			sourceTree = "<group>";
		};
		9EC547AD1FF5061700D4FACE /* favFruits */ = {
			isa = PBXGroup;
			children = (
				9EC547AE1FF5061800D4FACE /* AppDelegate.swift */,
				9EC547B01FF5061800D4FACE /* ViewController.swift */,
				9EC547B21FF5061800D4FACE /* Main.storyboard */,
				9EC547B51FF5061800D4FACE /* Assets.xcassets */,
				9EC547B71FF5061800D4FACE /* LaunchScreen.storyboard */,
				9EC547BA1FF5061800D4FACE /* Info.plist */,
			);
			path = favFruits;
			sourceTree = "<group>";
		};
/* End PBXGroup section */

/* Begin PBXNativeTarget section */
		9EC547AA1FF5061700D4FACE /* favFruits */ = {
			isa = PBXNativeTarget;
			buildConfigurationList = 9EC547BD1FF5061800D4FACE /* Build configuration list for PBXNativeTarget "favFruits" */;
			buildPhases = (
				9EC547A71FF5061700D4FACE /* Sources */,
				9EC547A81FF5061700D4FACE /* Frameworks */,
				9EC547A91FF5061700D4FACE /* Resources */,
			);
			buildRules = (
			);
			dependencies = (
			);
			name = favFruits;
			productName = favFruits;
			productReference = 9EC547AB1FF5061700D4FACE /* favFruits.app */;
			productType = "com.apple.product-type.application";
		};
/* End PBXNativeTarget section */

/* Begin PBXProject section */
		9EC547A31FF5061700D4FACE /* Project object */ = {
			isa = PBXProject;
			attributes = {
				LastSwiftUpdateCheck = 0920;
				LastUpgradeCheck = 0920;
				ORGANIZATIONNAME = Sebastian;
				TargetAttributes = {
					9EC547AA1FF5061700D4FACE = {
						CreatedOnToolsVersion = 9.2;
						ProvisioningStyle = Automatic;
					};
				};
			};
			buildConfigurationList = 9EC547A61FF5061700D4FACE /* Build configuration list for PBXProject "favFruits" */;
			compatibilityVersion = "Xcode 8.0";
			developmentRegion = en;
			hasScannedForEncodings = 0;
			knownRegions = (
				en,
				Base,
			);
			mainGroup = 9EC547A21FF5061700D4FACE;
			productRefGroup = 9EC547AC1FF5061700D4FACE /* Products */;
			projectDirPath = "";
			projectRoot = "";
			targets = (
				9EC547AA1FF5061700D4FACE /* favFruits */,
			);
		};
/* End PBXProject section */

/* Begin PBXResourcesBuildPhase section */
		9EC547A91FF5061700D4FACE /* Resources */ = {
			isa = PBXResourcesBuildPhase;
			buildActionMask = 2147483647;
			files = (
				9EC547B91FF5061800D4FACE /* LaunchScreen.storyboard in Resources */,
				9EC547B61FF5061800D4FACE /* Assets.xcassets in Resources */,
				9EC547B41FF5061800D4FACE /* Main.storyboard in Resources */,
			);
			runOnlyForDeploymentPostprocessing = 0;
		};
/* End PBXResourcesBuildPhase section */

/* Begin PBXSourcesBuildPhase section */
		9EC547A71FF5061700D4FACE /* Sources */ = {
			isa = PBXSourcesBuildPhase;
			buildActionMask = 2147483647;
			files = (
				9EC547B11FF5061800D4FACE /* ViewController.swift in Sources */,
				9EC547AF1FF5061800D4FACE /* AppDelegate.swift in Sources */,
			);
			runOnlyForDeploymentPostprocessing = 0;
		};
/* End PBXSourcesBuildPhase section */

/* Begin PBXVariantGroup section */
		9EC547B21FF5061800D4FACE /* Main.storyboard */ = {
			isa = PBXVariantGroup;
			children = (
				9EC547B31FF5061800D4FACE /* Base */,
			);
			name = Main.storyboard;
			sourceTree = "<group>";
		};
		9EC547B71FF5061800D4FACE /* LaunchScreen.storyboard */ = {
			isa = PBXVariantGroup;
			children = (
				9EC547B81FF5061800D4FACE /* Base */,
			);
			name = LaunchScreen.storyboard;
			sourceTree = "<group>";
		};
/* End PBXVariantGroup section */

/* Begin XCBuildConfiguration section */
		9EC547BB1FF5061800D4FACE /* Debug */ = {
			isa = XCBuildConfiguration;
			buildSettings = {
				ALWAYS_SEARCH_USER_PATHS = NO;
				CLANG_ANALYZER_NONNULL = YES;
				CLANG_ANALYZER_NUMBER_OBJECT_CONVERSION = YES_AGGRESSIVE;
				CLANG_CXX_LANGUAGE_STANDARD = "gnu++14";
				CLANG_CXX_LIBRARY = "libc++";
				CLANG_ENABLE_MODULES = YES;
				CLANG_ENABLE_OBJC_ARC = YES;
				CLANG_WARN_BLOCK_CAPTURE_AUTORELEASING = YES;
				CLANG_WARN_BOOL_CONVERSION = YES;
				CLANG_WARN_COMMA = YES;
				CLANG_WARN_CONSTANT_CONVERSION = YES;
				CLANG_WARN_DIRECT_OBJC_ISA_USAGE = YES_ERROR;
				CLANG_WARN_DOCUMENTATION_COMMENTS = YES;
				CLANG_WARN_EMPTY_BODY = YES;
				CLANG_WARN_ENUM_CONVERSION = YES;
				CLANG_WARN_INFINITE_RECURSION = YES;
				CLANG_WARN_INT_CONVERSION = YES;
				CLANG_WARN_NON_LITERAL_NULL_CONVERSION = YES;
				CLANG_WARN_OBJC_LITERAL_CONVERSION = YES;
				CLANG_WARN_OBJC_ROOT_CLASS = YES_ERROR;
				CLANG_WARN_RANGE_LOOP_ANALYSIS = YES;
				CLANG_WARN_STRICT_PROTOTYPES = YES;
				CLANG_WARN_SUSPICIOUS_MOVE = YES;
				CLANG_WARN_UNGUARDED_AVAILABILITY = YES_AGGRESSIVE;
				CLANG_WARN_UNREACHABLE_CODE = YES;
				CLANG_WARN__DUPLICATE_METHOD_MATCH = YES;
				CODE_SIGN_IDENTITY = "iPhone Developer";
				COPY_PHASE_STRIP = NO;
				DEBUG_INFORMATION_FORMAT = dwarf;
				ENABLE_STRICT_OBJC_MSGSEND = YES;
				ENABLE_TESTABILITY = YES;
				GCC_C_LANGUAGE_STANDARD = gnu11;
				GCC_DYNAMIC_NO_PIC = NO;
				GCC_NO_COMMON_BLOCKS = YES;
				GCC_OPTIMIZATION_LEVEL = 0;
				GCC_PREPROCESSOR_DEFINITIONS = (
					"DEBUG=1",
					"$(inherited)",
				);
				GCC_WARN_64_TO_32_BIT_CONVERSION = YES;
				GCC_WARN_ABOUT_RETURN_TYPE = YES_ERROR;
				GCC_WARN_UNDECLARED_SELECTOR = YES;
				GCC_WARN_UNINITIALIZED_AUTOS = YES_AGGRESSIVE;
				GCC_WARN_UNUSED_FUNCTION = YES;
				GCC_WARN_UNUSED_VARIABLE = YES;
				IPHONEOS_DEPLOYMENT_TARGET = 11.2;
				MTL_ENABLE_DEBUG_INFO = YES;
				ONLY_ACTIVE_ARCH = YES;
				SDKROOT = iphoneos;
				SWIFT_ACTIVE_COMPILATION_CONDITIONS = DEBUG;
				SWIFT_OPTIMIZATION_LEVEL = "-Onone";
			};
			name = Debug;
		};
		9EC547BC1FF5061800D4FACE /* Release */ = {
			isa = XCBuildConfiguration;
			buildSettings = {
				ALWAYS_SEARCH_USER_PATHS = NO;
				CLANG_ANALYZER_NONNULL = YES;
				CLANG_ANALYZER_NUMBER_OBJECT_CONVERSION = YES_AGGRESSIVE;
				CLANG_CXX_LANGUAGE_STANDARD = "gnu++14";
				CLANG_CXX_LIBRARY = "libc++";
				CLANG_ENABLE_MODULES = YES;
				CLANG_ENABLE_OBJC_ARC = YES;
				CLANG_WARN_BLOCK_CAPTURE_AUTORELEASING = YES;
				CLANG_WARN_BOOL_CONVERSION = YES;
				CLANG_WARN_COMMA = YES;
				CLANG_WARN_CONSTANT_CONVERSION = YES;
				CLANG_WARN_DIRECT_OBJC_ISA_USAGE = YES_ERROR;
				CLANG_WARN_DOCUMENTATION_COMMENTS = YES;
				CLANG_WARN_EMPTY_BODY = YES;
				CLANG_WARN_ENUM_CONVERSION = YES;
				CLANG_WARN_INFINITE_RECURSION = YES;
				CLANG_WARN_INT_CONVERSION = YES;
				CLANG_WARN_NON_LITERAL_NULL_CONVERSION = YES;
				CLANG_WARN_OBJC_LITERAL_CONVERSION = YES;
				CLANG_WARN_OBJC_ROOT_CLASS = YES_ERROR;
				CLANG_WARN_RANGE_LOOP_ANALYSIS = YES;
				CLANG_WARN_STRICT_PROTOTYPES = YES;
				CLANG_WARN_SUSPICIOUS_MOVE = YES;
				CLANG_WARN_UNGUARDED_AVAILABILITY = YES_AGGRESSIVE;
				CLANG_WARN_UNREACHABLE_CODE = YES;
				CLANG_WARN__DUPLICATE_METHOD_MATCH = YES;
				CODE_SIGN_IDENTITY = "iPhone Developer";
				COPY_PHASE_STRIP = NO;
				DEBUG_INFORMATION_FORMAT = "dwarf-with-dsym";
				ENABLE_NS_ASSERTIONS = NO;
				ENABLE_STRICT_OBJC_MSGSEND = YES;
				GCC_C_LANGUAGE_STANDARD = gnu11;
				GCC_NO_COMMON_BLOCKS = YES;
				GCC_WARN_64_TO_32_BIT_CONVERSION = YES;
				GCC_WARN_ABOUT_RETURN_TYPE = YES_ERROR;
				GCC_WARN_UNDECLARED_SELECTOR = YES;
				GCC_WARN_UNINITIALIZED_AUTOS = YES_AGGRESSIVE;
				GCC_WARN_UNUSED_FUNCTION = YES;
				GCC_WARN_UNUSED_VARIABLE = YES;
				IPHONEOS_DEPLOYMENT_TARGET = 11.2;
				MTL_ENABLE_DEBUG_INFO = NO;
				SDKROOT = iphoneos;
				SWIFT_OPTIMIZATION_LEVEL = "-Owholemodule";
				VALIDATE_PRODUCT = YES;
			};
			name = Release;
		};
		9EC547BE1FF5061800D4FACE /* Debug */ = {
			isa = XCBuildConfiguration;
			buildSettings = {
				ASSETCATALOG_COMPILER_APPICON_NAME = AppIcon;
				CODE_SIGN_STYLE = Automatic;
				DEVELOPMENT_TEAM = 62SKN2BS9H;
				INFOPLIST_FILE = favFruits/Info.plist;
				LD_RUNPATH_SEARCH_PATHS = "$(inherited) @executable_path/Frameworks";
				PRODUCT_BUNDLE_IDENTIFIER = app.favFruits;
				PRODUCT_NAME = "$(TARGET_NAME)";
				SWIFT_VERSION = 4.0;
				TARGETED_DEVICE_FAMILY = "1,2";
			};
			name = Debug;
		};
		9EC547BF1FF5061800D4FACE /* Release */ = {
			isa = XCBuildConfiguration;
			buildSettings = {
				ASSETCATALOG_COMPILER_APPICON_NAME = AppIcon;
				CODE_SIGN_STYLE = Automatic;
				DEVELOPMENT_TEAM = 62SKN2BS9H;
				INFOPLIST_FILE = favFruits/Info.plist;
				LD_RUNPATH_SEARCH_PATHS = "$(inherited) @executable_path/Frameworks";
				PRODUCT_BUNDLE_IDENTIFIER = app.favFruits;
				PRODUCT_NAME = "$(TARGET_NAME)";
				SWIFT_VERSION = 4.0;
				TARGETED_DEVICE_FAMILY = "1,2";
			};
			name = Release;
		};
/* End XCBuildConfiguration section */

/* Begin XCConfigurationList section */
		9EC547A61FF5061700D4FACE /* Build configuration list for PBXProject "favFruits" */ = {
			isa = XCConfigurationList;
			buildConfigurations = (
				9EC547BB1FF5061800D4FACE /* Debug */,
				9EC547BC1FF5061800D4FACE /* Release */,
			);
			defaultConfigurationIsVisible = 0;
			defaultConfigurationName = Release;
		};
		9EC547BD1FF5061800D4FACE /* Build configuration list for PBXNativeTarget "favFruits" */ = {
			isa = XCConfigurationList;
			buildConfigurations = (
				9EC547BE1FF5061800D4FACE /* Debug */,
				9EC547BF1FF5061800D4FACE /* Release */,
			);
			defaultConfigurationIsVisible = 0;
			defaultConfigurationName = Release;
		};
/* End XCConfigurationList section */
	};
	rootObject = 9EC547A31FF5061700D4FACE /* Project object */;
}
